
Microsoft Visual Studio Solution File, Format Version 12.00
# Visual Studio 15
VisualStudioVersion = 15.0.28307.572
MinimumVisualStudioVersion = 10.0.40219.1
Project("{9A19103F-16F7-4668-BE54-9A1E7A4F7556}") = "GameLibrary", "GameLibrary\GameLibrary.csproj", "{4E04659F-C516-448D-9077-366645779FC2}"
EndProject
Project("{FAE04EC0-301F-11D3-BF4B-00C04F79EFBC}") = "GameTest", "GameBasicATest\GameTest.csproj", "{F00782CD-9D35-4FBE-9E85-25C91079D143}"
	ProjectSection(ProjectDependencies) = postProject
		{4E04659F-C516-448D-9077-366645779FC2} = {4E04659F-C516-448D-9077-366645779FC2}
	EndProjectSection
EndProject
Project("{FAE04EC0-301F-11D3-BF4B-00C04F79EFBC}") = "Game", "Game\Game.csproj", "{1F94FE16-C748-4379-BC45-DC849B88363C}"
EndProject
Global
	GlobalSection(SolutionConfigurationPlatforms) = preSolution
		Debug|Any CPU = Debug|Any CPU
		Release|Any CPU = Release|Any CPU
	EndGlobalSection
	GlobalSection(ProjectConfigurationPlatforms) = postSolution
		{4E04659F-C516-448D-9077-366645779FC2}.Debug|Any CPU.ActiveCfg = Debug|Any CPU
		{4E04659F-C516-448D-9077-366645779FC2}.Debug|Any CPU.Build.0 = Debug|Any CPU
		{4E04659F-C516-448D-9077-366645779FC2}.Release|Any CPU.ActiveCfg = Release|Any CPU
		{4E04659F-C516-448D-9077-366645779FC2}.Release|Any CPU.Build.0 = Release|Any CPU
		{F00782CD-9D35-4FBE-9E85-25C91079D143}.Debug|Any CPU.ActiveCfg = Debug|Any CPU
		{F00782CD-9D35-4FBE-9E85-25C91079D143}.Debug|Any CPU.Build.0 = Debug|Any CPU
		{F00782CD-9D35-4FBE-9E85-25C91079D143}.Release|Any CPU.ActiveCfg = Release|Any CPU
		{F00782CD-9D35-4FBE-9E85-25C91079D143}.Release|Any CPU.Build.0 = Release|Any CPU
		{1F94FE16-C748-4379-BC45-DC849B88363C}.Debug|Any CPU.ActiveCfg = Debug|Any CPU
		{1F94FE16-C748-4379-BC45-DC849B88363C}.Debug|Any CPU.Build.0 = Debug|Any CPU
		{1F94FE16-C748-4379-BC45-DC849B88363C}.Release|Any CPU.ActiveCfg = Release|Any CPU
		{1F94FE16-C748-4379-BC45-DC849B88363C}.Release|Any CPU.Build.0 = Release|Any CPU
	EndGlobalSection
	GlobalSection(SolutionProperties) = preSolution
		HideSolutionNode = FALSE
	EndGlobalSection
	GlobalSection(ExtensibilityGlobals) = postSolution
		SolutionGuid = {DE7D34FE-E93D-424A-A4ED-7AB5326B83C7}
	EndGlobalSection
EndGlobal
